
Microsoft Visual Studio Solution File, Format Version 12.00
# Visual Studio Version 17
VisualStudioVersion = 17.7.34024.191
MinimumVisualStudioVersion = 10.0.40219.1
Project("{FAE04EC0-301F-11D3-BF4B-00C04F79EFBC}") = "SEAM_Assignment", "SEAM_Assignment\SEAM_Assignment.csproj", "{07AC8FA9-7739-40FD-9370-DFA3D3577B8D}"
EndProject
Global
	GlobalSection(SolutionConfigurationPlatforms) = preSolution
		Debug|Any CPU = Debug|Any CPU
		Release|Any CPU = Release|Any CPU
	EndGlobalSection
	GlobalSection(ProjectConfigurationPlatforms) = postSolution
		{07AC8FA9-7739-40FD-9370-DFA3D3577B8D}.Debug|Any CPU.ActiveCfg = Debug|Any CPU
		{07AC8FA9-7739-40FD-9370-DFA3D3577B8D}.Debug|Any CPU.Build.0 = Debug|Any CPU
		{07AC8FA9-7739-40FD-9370-DFA3D3577B8D}.Release|Any CPU.ActiveCfg = Release|Any CPU
		{07AC8FA9-7739-40FD-9370-DFA3D3577B8D}.Release|Any CPU.Build.0 = Release|Any CPU
	EndGlobalSection
	GlobalSection(SolutionProperties) = preSolution
		HideSolutionNode = FALSE
	EndGlobalSection
	GlobalSection(ExtensibilityGlobals) = postSolution
		SolutionGuid = {58F0FA1A-D984-430E-A00A-0D21A29DC45F}
	EndGlobalSection
EndGlobal
